// !$*UTF8*$!
{
	archiveVersion = 1;
	classes = {
	};
	objectVersion = 46;
	objects = {

/* Begin PBXBuildFile section */
		04244098871DBC680A1B354C /* Pods_QvikSwiftTests.framework in Frameworks */ = {isa = PBXBuildFile; fileRef = 3B3A14866F2FC42594FE4205 /* Pods_QvikSwiftTests.framework */; };
		490605CE1B70D18200C055AF /* DateFormatterExtensions.swift in Sources */ = {isa = PBXBuildFile; fileRef = 490605CD1B70D18200C055AF /* DateFormatterExtensions.swift */; };
		490605CF1B70D18200C055AF /* DateFormatterExtensions.swift in Sources */ = {isa = PBXBuildFile; fileRef = 490605CD1B70D18200C055AF /* DateFormatterExtensions.swift */; };
		490605D21B70D5E100C055AF /* DateFormatterExtensionsTests.swift in Sources */ = {isa = PBXBuildFile; fileRef = 490605D01B70D5E100C055AF /* DateFormatterExtensionsTests.swift */; };
		490C9D951B523FB00024945B /* QvikSwift.h in Headers */ = {isa = PBXBuildFile; fileRef = 490C9D941B523FB00024945B /* QvikSwift.h */; settings = {ATTRIBUTES = (Public, ); }; };
		490C9D9B1B523FB00024945B /* QvikSwift.framework in Frameworks */ = {isa = PBXBuildFile; fileRef = 490C9D8F1B523FB00024945B /* QvikSwift.framework */; };
		490C9DAC1B52408E0024945B /* StringExtensions.swift in Sources */ = {isa = PBXBuildFile; fileRef = 490C9DAB1B52408E0024945B /* StringExtensions.swift */; };
		490C9DAD1B52408E0024945B /* StringExtensions.swift in Sources */ = {isa = PBXBuildFile; fileRef = 490C9DAB1B52408E0024945B /* StringExtensions.swift */; };
		490C9DAF1B5242230024945B /* StringExtensionsTests.swift in Sources */ = {isa = PBXBuildFile; fileRef = 490C9DAE1B5242230024945B /* StringExtensionsTests.swift */; };
		490C9DE01B5292FC0024945B /* UIImageExtensions.swift in Sources */ = {isa = PBXBuildFile; fileRef = 490C9DDF1B5292FC0024945B /* UIImageExtensions.swift */; };
		490C9DE21B5294790024945B /* UIImageExtensionsTests.swift in Sources */ = {isa = PBXBuildFile; fileRef = 490C9DE11B5294790024945B /* UIImageExtensionsTests.swift */; };
		490C9DE31B5296F70024945B /* UIImageExtensions.swift in Sources */ = {isa = PBXBuildFile; fileRef = 490C9DDF1B5292FC0024945B /* UIImageExtensions.swift */; };
		490F55C01CD74BAB001FF657 /* UIGestureRecognizerExtensions.swift in Sources */ = {isa = PBXBuildFile; fileRef = 490F55BF1CD74BAB001FF657 /* UIGestureRecognizerExtensions.swift */; };
		4916ED021B66138E00E6A22D /* UIViewExtensions.swift in Sources */ = {isa = PBXBuildFile; fileRef = 4916ED011B66138D00E6A22D /* UIViewExtensions.swift */; };
		4916ED041B66163300E6A22D /* UIViewExtensionsTests.swift in Sources */ = {isa = PBXBuildFile; fileRef = 4916ED031B66163300E6A22D /* UIViewExtensionsTests.swift */; };
		4916ED051B66163B00E6A22D /* UIViewExtensions.swift in Sources */ = {isa = PBXBuildFile; fileRef = 4916ED011B66138D00E6A22D /* UIViewExtensions.swift */; };
		4916ED071B661AFE00E6A22D /* UIColorExtensions.swift in Sources */ = {isa = PBXBuildFile; fileRef = 4916ED061B661AFE00E6A22D /* UIColorExtensions.swift */; };
		4916ED081B661AFE00E6A22D /* UIColorExtensions.swift in Sources */ = {isa = PBXBuildFile; fileRef = 4916ED061B661AFE00E6A22D /* UIColorExtensions.swift */; };
		4916ED0A1B66235F00E6A22D /* UIColorExtensionsTests.swift in Sources */ = {isa = PBXBuildFile; fileRef = 4916ED091B66235F00E6A22D /* UIColorExtensionsTests.swift */; };
		494558621C3934AA00F3E8FC /* UIResponderExtensions.swift in Sources */ = {isa = PBXBuildFile; fileRef = 494558611C3934AA00F3E8FC /* UIResponderExtensions.swift */; };
		494558631C3934AA00F3E8FC /* UIResponderExtensions.swift in Sources */ = {isa = PBXBuildFile; fileRef = 494558611C3934AA00F3E8FC /* UIResponderExtensions.swift */; };
		494558651C39352A00F3E8FC /* UIResponderExtensionsTests.swift in Sources */ = {isa = PBXBuildFile; fileRef = 494558641C39352A00F3E8FC /* UIResponderExtensionsTests.swift */; };
		494558661C3939AE00F3E8FC /* Utils.swift in Sources */ = {isa = PBXBuildFile; fileRef = 499D6F0E1B93191E00E50D8D /* Utils.swift */; };
		49516BC11C15888300C56FDC /* DoubleExtensions.swift in Sources */ = {isa = PBXBuildFile; fileRef = 49516BBE1C15888300C56FDC /* DoubleExtensions.swift */; };
		49516BC21C15888300C56FDC /* CGFloatExtensions.swift in Sources */ = {isa = PBXBuildFile; fileRef = 49516BBF1C15888300C56FDC /* CGFloatExtensions.swift */; };
		49516BC31C15888300C56FDC /* IntExtensions.swift in Sources */ = {isa = PBXBuildFile; fileRef = 49516BC01C15888300C56FDC /* IntExtensions.swift */; };
		49516BC51C15BB1100C56FDC /* IntExtensionsTests.swift in Sources */ = {isa = PBXBuildFile; fileRef = 49516BC41C15BB1100C56FDC /* IntExtensionsTests.swift */; };
		49516BC61C15BB8200C56FDC /* IntExtensions.swift in Sources */ = {isa = PBXBuildFile; fileRef = 49516BC01C15888300C56FDC /* IntExtensions.swift */; };
		49516BC71C15BB8700C56FDC /* CGFloatExtensions.swift in Sources */ = {isa = PBXBuildFile; fileRef = 49516BBF1C15888300C56FDC /* CGFloatExtensions.swift */; };
		49516BC81C15BB8B00C56FDC /* DoubleExtensions.swift in Sources */ = {isa = PBXBuildFile; fileRef = 49516BBE1C15888300C56FDC /* DoubleExtensions.swift */; };
		49516BCA1C15BC0400C56FDC /* DoubleExtensionsTests.swift in Sources */ = {isa = PBXBuildFile; fileRef = 49516BC91C15BC0400C56FDC /* DoubleExtensionsTests.swift */; };
		49516BCC1C15BC5400C56FDC /* CGFloatExtensionsTests.swift in Sources */ = {isa = PBXBuildFile; fileRef = 49516BCB1C15BC5400C56FDC /* CGFloatExtensionsTests.swift */; };
		49516BCE1C181C7E00C56FDC /* CGSizeExtensions.swift in Sources */ = {isa = PBXBuildFile; fileRef = 49516BCD1C181C7E00C56FDC /* CGSizeExtensions.swift */; };
		49516BCF1C181C7E00C56FDC /* CGSizeExtensions.swift in Sources */ = {isa = PBXBuildFile; fileRef = 49516BCD1C181C7E00C56FDC /* CGSizeExtensions.swift */; };
		49516BD11C181DFB00C56FDC /* CGSizeExtensionsTests.swift in Sources */ = {isa = PBXBuildFile; fileRef = 49516BD01C181DFB00C56FDC /* CGSizeExtensionsTests.swift */; };
		4992A2A31DB8ED7C00745E4D /* Podfile in Resources */ = {isa = PBXBuildFile; fileRef = 4992A2A21DB8ED7C00745E4D /* Podfile */; };
		499D6F0F1B93191E00E50D8D /* Utils.swift in Sources */ = {isa = PBXBuildFile; fileRef = 499D6F0E1B93191E00E50D8D /* Utils.swift */; };
		499D6F131B931C8A00E50D8D /* DataExtensions.swift in Sources */ = {isa = PBXBuildFile; fileRef = 499D6F121B931C8A00E50D8D /* DataExtensions.swift */; };
		499D6F141B931C8A00E50D8D /* DataExtensions.swift in Sources */ = {isa = PBXBuildFile; fileRef = 499D6F121B931C8A00E50D8D /* DataExtensions.swift */; };
		49AD57D41CDB2D410004DE08 /* SequenceTypeExtensions.swift in Sources */ = {isa = PBXBuildFile; fileRef = 49AD57D31CDB2D410004DE08 /* SequenceTypeExtensions.swift */; };
		49AD57D51CDB2D410004DE08 /* SequenceTypeExtensions.swift in Sources */ = {isa = PBXBuildFile; fileRef = 49AD57D31CDB2D410004DE08 /* SequenceTypeExtensions.swift */; };
		49AD57D81CDB2D840004DE08 /* SequenceTypeExtensionsTests.swift in Sources */ = {isa = PBXBuildFile; fileRef = 49AD57D61CDB2D840004DE08 /* SequenceTypeExtensionsTests.swift */; };
		49CBE9DC1B78DF3B00B1819B /* CollectionExtensions.swift in Sources */ = {isa = PBXBuildFile; fileRef = 49CBE9DB1B78DF3B00B1819B /* CollectionExtensions.swift */; };
		49CBE9DD1B78DF3B00B1819B /* CollectionExtensions.swift in Sources */ = {isa = PBXBuildFile; fileRef = 49CBE9DB1B78DF3B00B1819B /* CollectionExtensions.swift */; };
		49CBE9E01B78DFA400B1819B /* CollectionExtensionsTests.swift in Sources */ = {isa = PBXBuildFile; fileRef = 49CBE9DE1B78DFA400B1819B /* CollectionExtensionsTests.swift */; };
		49CBEA141B7B888C00B1819B /* CGRectExtensions.swift in Sources */ = {isa = PBXBuildFile; fileRef = 49CBEA131B7B888C00B1819B /* CGRectExtensions.swift */; };
		49CBEA151B7B888C00B1819B /* CGRectExtensions.swift in Sources */ = {isa = PBXBuildFile; fileRef = 49CBEA131B7B888C00B1819B /* CGRectExtensions.swift */; };
		49CBEA171B7B892500B1819B /* CGPointExtensions.swift in Sources */ = {isa = PBXBuildFile; fileRef = 49CBEA161B7B892500B1819B /* CGPointExtensions.swift */; };
		49CBEA181B7B892500B1819B /* CGPointExtensions.swift in Sources */ = {isa = PBXBuildFile; fileRef = 49CBEA161B7B892500B1819B /* CGPointExtensions.swift */; };
		49CBEA1A1B7B8AA200B1819B /* ReadWriteLock.swift in Sources */ = {isa = PBXBuildFile; fileRef = 49CBEA191B7B8AA200B1819B /* ReadWriteLock.swift */; };
		49CBEA1B1B7B8AA200B1819B /* ReadWriteLock.swift in Sources */ = {isa = PBXBuildFile; fileRef = 49CBEA191B7B8AA200B1819B /* ReadWriteLock.swift */; };
		49CBEA1D1B7B8BDD00B1819B /* ReadWriteLockTests.swift in Sources */ = {isa = PBXBuildFile; fileRef = 49CBEA1C1B7B8BDD00B1819B /* ReadWriteLockTests.swift */; };
		49CBEA1F1B7B90F800B1819B /* CGPointExtensionsTests.swift in Sources */ = {isa = PBXBuildFile; fileRef = 49CBEA1E1B7B90F800B1819B /* CGPointExtensionsTests.swift */; };
		49CBEA211B7B917300B1819B /* CGRectExtensionsTests.swift in Sources */ = {isa = PBXBuildFile; fileRef = 49CBEA201B7B917300B1819B /* CGRectExtensionsTests.swift */; };
		49DFEAF21DACEF7C00835200 /* DataExtensionsTests.swift in Sources */ = {isa = PBXBuildFile; fileRef = 49DFEAF11DACEF7C00835200 /* DataExtensionsTests.swift */; };
		49E97C881BD929D700AEEB5D /* BundleExtensions.swift in Sources */ = {isa = PBXBuildFile; fileRef = 49E97C871BD929D700AEEB5D /* BundleExtensions.swift */; };
		49EA61FA1DAD1C69009874BB /* Keychain.swift in Sources */ = {isa = PBXBuildFile; fileRef = 49EA61F91DAD1C69009874BB /* Keychain.swift */; };
		49EA61FB1DAD1C69009874BB /* Keychain.swift in Sources */ = {isa = PBXBuildFile; fileRef = 49EA61F91DAD1C69009874BB /* Keychain.swift */; };
		49EA61FD1DAE0EF4009874BB /* KeychainTests.swift in Sources */ = {isa = PBXBuildFile; fileRef = 49EA61FC1DAE0EF4009874BB /* KeychainTests.swift */; };
		49EA62061DAE1596009874BB /* AppDelegate.swift in Sources */ = {isa = PBXBuildFile; fileRef = 49EA62051DAE1596009874BB /* AppDelegate.swift */; };
		49EA62081DAE1596009874BB /* ViewController.swift in Sources */ = {isa = PBXBuildFile; fileRef = 49EA62071DAE1596009874BB /* ViewController.swift */; };
		49EA620B1DAE1596009874BB /* Main.storyboard in Resources */ = {isa = PBXBuildFile; fileRef = 49EA62091DAE1596009874BB /* Main.storyboard */; };
		49EA620D1DAE1596009874BB /* Assets.xcassets in Resources */ = {isa = PBXBuildFile; fileRef = 49EA620C1DAE1596009874BB /* Assets.xcassets */; };
		49EA62101DAE1596009874BB /* LaunchScreen.storyboard in Resources */ = {isa = PBXBuildFile; fileRef = 49EA620E1DAE1596009874BB /* LaunchScreen.storyboard */; };
		49EA62201DAE41F0009874BB /* animated.gif in Resources */ = {isa = PBXBuildFile; fileRef = 49EA621C1DAE41F0009874BB /* animated.gif */; };
		49EA62211DAE41F0009874BB /* empty.gif in Resources */ = {isa = PBXBuildFile; fileRef = 49EA621D1DAE41F0009874BB /* empty.gif */; };
		49EA62221DAE41F0009874BB /* randombytes_broken.gif in Resources */ = {isa = PBXBuildFile; fileRef = 49EA621E1DAE41F0009874BB /* randombytes_broken.gif */; };
		49EA62231DAE41F0009874BB /* working.gif in Resources */ = {isa = PBXBuildFile; fileRef = 49EA621F1DAE41F0009874BB /* working.gif */; };
		7430945C1D117F4400B8E637 /* NSLayoutConstraintExtensions.swift in Sources */ = {isa = PBXBuildFile; fileRef = 7430945B1D117F4400B8E637 /* NSLayoutConstraintExtensions.swift */; };
		7430945D1D117F4400B8E637 /* NSLayoutConstraintExtensions.swift in Sources */ = {isa = PBXBuildFile; fileRef = 7430945B1D117F4400B8E637 /* NSLayoutConstraintExtensions.swift */; };
		743094601D117FC800B8E637 /* NSLayoutConstraintExtensionsTests.swift in Sources */ = {isa = PBXBuildFile; fileRef = 7430945E1D117FC800B8E637 /* NSLayoutConstraintExtensionsTests.swift */; };
		E2AD0650D9B3EC400AB1BB84 /* Pods_QvikSwift.framework in Frameworks */ = {isa = PBXBuildFile; fileRef = 4681B3132FC6178DE75A26D6 /* Pods_QvikSwift.framework */; };
/* End PBXBuildFile section */

/* Begin PBXContainerItemProxy section */
		490C9D9C1B523FB00024945B /* PBXContainerItemProxy */ = {
			isa = PBXContainerItemProxy;
			containerPortal = 490C9D861B523FB00024945B /* Project object */;
			proxyType = 1;
			remoteGlobalIDString = 490C9D8E1B523FB00024945B;
			remoteInfo = QvikSwift;
		};
		49EA62161DAE1606009874BB /* PBXContainerItemProxy */ = {
			isa = PBXContainerItemProxy;
			containerPortal = 490C9D861B523FB00024945B /* Project object */;
			proxyType = 1;
			remoteGlobalIDString = 49EA62021DAE1596009874BB;
			remoteInfo = UnitTestHostApp;
		};
/* End PBXContainerItemProxy section */

/* Begin PBXFileReference section */
		3B3A14866F2FC42594FE4205 /* Pods_QvikSwiftTests.framework */ = {isa = PBXFileReference; explicitFileType = wrapper.framework; includeInIndex = 0; path = Pods_QvikSwiftTests.framework; sourceTree = BUILT_PRODUCTS_DIR; };
		4681B3132FC6178DE75A26D6 /* Pods_QvikSwift.framework */ = {isa = PBXFileReference; explicitFileType = wrapper.framework; includeInIndex = 0; path = Pods_QvikSwift.framework; sourceTree = BUILT_PRODUCTS_DIR; };
		490605CD1B70D18200C055AF /* DateFormatterExtensions.swift */ = {isa = PBXFileReference; fileEncoding = 4; lastKnownFileType = sourcecode.swift; path = DateFormatterExtensions.swift; sourceTree = "<group>"; };
		490605D01B70D5E100C055AF /* DateFormatterExtensionsTests.swift */ = {isa = PBXFileReference; fileEncoding = 4; lastKnownFileType = sourcecode.swift; path = DateFormatterExtensionsTests.swift; sourceTree = "<group>"; };
		490C9D8F1B523FB00024945B /* QvikSwift.framework */ = {isa = PBXFileReference; explicitFileType = wrapper.framework; includeInIndex = 0; path = QvikSwift.framework; sourceTree = BUILT_PRODUCTS_DIR; };
		490C9D931B523FB00024945B /* Info.plist */ = {isa = PBXFileReference; lastKnownFileType = text.plist.xml; path = Info.plist; sourceTree = "<group>"; };
		490C9D941B523FB00024945B /* QvikSwift.h */ = {isa = PBXFileReference; lastKnownFileType = sourcecode.c.h; path = QvikSwift.h; sourceTree = "<group>"; };
		490C9D9A1B523FB00024945B /* QvikSwiftTests.xctest */ = {isa = PBXFileReference; explicitFileType = wrapper.cfbundle; includeInIndex = 0; path = QvikSwiftTests.xctest; sourceTree = BUILT_PRODUCTS_DIR; };
		490C9DA01B523FB00024945B /* Info.plist */ = {isa = PBXFileReference; lastKnownFileType = text.plist.xml; path = Info.plist; sourceTree = "<group>"; };
		490C9DAB1B52408E0024945B /* StringExtensions.swift */ = {isa = PBXFileReference; fileEncoding = 4; lastKnownFileType = sourcecode.swift; path = StringExtensions.swift; sourceTree = "<group>"; };
		490C9DAE1B5242230024945B /* StringExtensionsTests.swift */ = {isa = PBXFileReference; fileEncoding = 4; lastKnownFileType = sourcecode.swift; path = StringExtensionsTests.swift; sourceTree = "<group>"; };
		490C9DB01B5247020024945B /* QvikSwift.playground */ = {isa = PBXFileReference; lastKnownFileType = file.playground; path = QvikSwift.playground; sourceTree = "<group>"; xcLanguageSpecificationIdentifier = xcode.lang.swift; };
		490C9DDF1B5292FC0024945B /* UIImageExtensions.swift */ = {isa = PBXFileReference; fileEncoding = 4; lastKnownFileType = sourcecode.swift; path = UIImageExtensions.swift; sourceTree = "<group>"; };
		490C9DE11B5294790024945B /* UIImageExtensionsTests.swift */ = {isa = PBXFileReference; fileEncoding = 4; lastKnownFileType = sourcecode.swift; path = UIImageExtensionsTests.swift; sourceTree = "<group>"; };
		490F55BF1CD74BAB001FF657 /* UIGestureRecognizerExtensions.swift */ = {isa = PBXFileReference; fileEncoding = 4; lastKnownFileType = sourcecode.swift; path = UIGestureRecognizerExtensions.swift; sourceTree = "<group>"; };
		4916ED011B66138D00E6A22D /* UIViewExtensions.swift */ = {isa = PBXFileReference; fileEncoding = 4; lastKnownFileType = sourcecode.swift; path = UIViewExtensions.swift; sourceTree = "<group>"; };
		4916ED031B66163300E6A22D /* UIViewExtensionsTests.swift */ = {isa = PBXFileReference; fileEncoding = 4; lastKnownFileType = sourcecode.swift; path = UIViewExtensionsTests.swift; sourceTree = "<group>"; };
		4916ED061B661AFE00E6A22D /* UIColorExtensions.swift */ = {isa = PBXFileReference; fileEncoding = 4; lastKnownFileType = sourcecode.swift; path = UIColorExtensions.swift; sourceTree = "<group>"; };
		4916ED091B66235F00E6A22D /* UIColorExtensionsTests.swift */ = {isa = PBXFileReference; fileEncoding = 4; lastKnownFileType = sourcecode.swift; path = UIColorExtensionsTests.swift; sourceTree = "<group>"; };
		494558611C3934AA00F3E8FC /* UIResponderExtensions.swift */ = {isa = PBXFileReference; fileEncoding = 4; lastKnownFileType = sourcecode.swift; path = UIResponderExtensions.swift; sourceTree = "<group>"; };
		494558641C39352A00F3E8FC /* UIResponderExtensionsTests.swift */ = {isa = PBXFileReference; fileEncoding = 4; lastKnownFileType = sourcecode.swift; path = UIResponderExtensionsTests.swift; sourceTree = "<group>"; };
		49516BBE1C15888300C56FDC /* DoubleExtensions.swift */ = {isa = PBXFileReference; fileEncoding = 4; lastKnownFileType = sourcecode.swift; path = DoubleExtensions.swift; sourceTree = "<group>"; };
		49516BBF1C15888300C56FDC /* CGFloatExtensions.swift */ = {isa = PBXFileReference; fileEncoding = 4; lastKnownFileType = sourcecode.swift; path = CGFloatExtensions.swift; sourceTree = "<group>"; };
		49516BC01C15888300C56FDC /* IntExtensions.swift */ = {isa = PBXFileReference; fileEncoding = 4; lastKnownFileType = sourcecode.swift; path = IntExtensions.swift; sourceTree = "<group>"; };
		49516BC41C15BB1100C56FDC /* IntExtensionsTests.swift */ = {isa = PBXFileReference; fileEncoding = 4; lastKnownFileType = sourcecode.swift; path = IntExtensionsTests.swift; sourceTree = "<group>"; };
		49516BC91C15BC0400C56FDC /* DoubleExtensionsTests.swift */ = {isa = PBXFileReference; fileEncoding = 4; lastKnownFileType = sourcecode.swift; path = DoubleExtensionsTests.swift; sourceTree = "<group>"; };
		49516BCB1C15BC5400C56FDC /* CGFloatExtensionsTests.swift */ = {isa = PBXFileReference; fileEncoding = 4; lastKnownFileType = sourcecode.swift; path = CGFloatExtensionsTests.swift; sourceTree = "<group>"; };
		49516BCD1C181C7E00C56FDC /* CGSizeExtensions.swift */ = {isa = PBXFileReference; fileEncoding = 4; lastKnownFileType = sourcecode.swift; path = CGSizeExtensions.swift; sourceTree = "<group>"; };
		49516BD01C181DFB00C56FDC /* CGSizeExtensionsTests.swift */ = {isa = PBXFileReference; fileEncoding = 4; lastKnownFileType = sourcecode.swift; path = CGSizeExtensionsTests.swift; sourceTree = "<group>"; };
		495E95101B958FFE006EEFC6 /* libcommonCrypto.dylib */ = {isa = PBXFileReference; lastKnownFileType = "compiled.mach-o.dylib"; name = libcommonCrypto.dylib; path = usr/lib/system/libcommonCrypto.dylib; sourceTree = SDKROOT; };
		498D0DBC1B959B0900339E2B /* QvikSwift.podspec */ = {isa = PBXFileReference; lastKnownFileType = text; path = QvikSwift.podspec; sourceTree = "<group>"; xcLanguageSpecificationIdentifier = xcode.lang.ruby; };
		498D0DBD1B959B1600339E2B /* README.md */ = {isa = PBXFileReference; lastKnownFileType = net.daringfireball.markdown; path = README.md; sourceTree = "<group>"; };
		4992A2A21DB8ED7C00745E4D /* Podfile */ = {isa = PBXFileReference; fileEncoding = 4; lastKnownFileType = text; path = Podfile; sourceTree = "<group>"; };
		499D6F0E1B93191E00E50D8D /* Utils.swift */ = {isa = PBXFileReference; fileEncoding = 4; lastKnownFileType = sourcecode.swift; path = Utils.swift; sourceTree = "<group>"; };
		499D6F121B931C8A00E50D8D /* DataExtensions.swift */ = {isa = PBXFileReference; fileEncoding = 4; lastKnownFileType = sourcecode.swift; path = DataExtensions.swift; sourceTree = "<group>"; };
		49AD57D31CDB2D410004DE08 /* SequenceTypeExtensions.swift */ = {isa = PBXFileReference; fileEncoding = 4; lastKnownFileType = sourcecode.swift; path = SequenceTypeExtensions.swift; sourceTree = "<group>"; };
		49AD57D61CDB2D840004DE08 /* SequenceTypeExtensionsTests.swift */ = {isa = PBXFileReference; fileEncoding = 4; lastKnownFileType = sourcecode.swift; path = SequenceTypeExtensionsTests.swift; sourceTree = "<group>"; };
		49CBE9DB1B78DF3B00B1819B /* CollectionExtensions.swift */ = {isa = PBXFileReference; fileEncoding = 4; lastKnownFileType = sourcecode.swift; path = CollectionExtensions.swift; sourceTree = "<group>"; };
		49CBE9DE1B78DFA400B1819B /* CollectionExtensionsTests.swift */ = {isa = PBXFileReference; fileEncoding = 4; lastKnownFileType = sourcecode.swift; path = CollectionExtensionsTests.swift; sourceTree = "<group>"; };
		49CBEA131B7B888C00B1819B /* CGRectExtensions.swift */ = {isa = PBXFileReference; fileEncoding = 4; lastKnownFileType = sourcecode.swift; path = CGRectExtensions.swift; sourceTree = "<group>"; };
		49CBEA161B7B892500B1819B /* CGPointExtensions.swift */ = {isa = PBXFileReference; fileEncoding = 4; lastKnownFileType = sourcecode.swift; path = CGPointExtensions.swift; sourceTree = "<group>"; };
		49CBEA191B7B8AA200B1819B /* ReadWriteLock.swift */ = {isa = PBXFileReference; fileEncoding = 4; lastKnownFileType = sourcecode.swift; path = ReadWriteLock.swift; sourceTree = "<group>"; };
		49CBEA1C1B7B8BDD00B1819B /* ReadWriteLockTests.swift */ = {isa = PBXFileReference; fileEncoding = 4; lastKnownFileType = sourcecode.swift; path = ReadWriteLockTests.swift; sourceTree = "<group>"; };
		49CBEA1E1B7B90F800B1819B /* CGPointExtensionsTests.swift */ = {isa = PBXFileReference; fileEncoding = 4; lastKnownFileType = sourcecode.swift; path = CGPointExtensionsTests.swift; sourceTree = "<group>"; };
		49CBEA201B7B917300B1819B /* CGRectExtensionsTests.swift */ = {isa = PBXFileReference; fileEncoding = 4; lastKnownFileType = sourcecode.swift; path = CGRectExtensionsTests.swift; sourceTree = "<group>"; };
		49DFEAF11DACEF7C00835200 /* DataExtensionsTests.swift */ = {isa = PBXFileReference; fileEncoding = 4; lastKnownFileType = sourcecode.swift; path = DataExtensionsTests.swift; sourceTree = "<group>"; };
		49E97C871BD929D700AEEB5D /* BundleExtensions.swift */ = {isa = PBXFileReference; fileEncoding = 4; lastKnownFileType = sourcecode.swift; path = BundleExtensions.swift; sourceTree = "<group>"; };
		49EA61F91DAD1C69009874BB /* Keychain.swift */ = {isa = PBXFileReference; fileEncoding = 4; lastKnownFileType = sourcecode.swift; path = Keychain.swift; sourceTree = "<group>"; };
		49EA61FC1DAE0EF4009874BB /* KeychainTests.swift */ = {isa = PBXFileReference; fileEncoding = 4; lastKnownFileType = sourcecode.swift; path = KeychainTests.swift; sourceTree = "<group>"; };
		49EA62031DAE1596009874BB /* UnitTestHostApp.app */ = {isa = PBXFileReference; explicitFileType = wrapper.application; includeInIndex = 0; path = UnitTestHostApp.app; sourceTree = BUILT_PRODUCTS_DIR; };
		49EA62051DAE1596009874BB /* AppDelegate.swift */ = {isa = PBXFileReference; lastKnownFileType = sourcecode.swift; path = AppDelegate.swift; sourceTree = "<group>"; };
		49EA62071DAE1596009874BB /* ViewController.swift */ = {isa = PBXFileReference; lastKnownFileType = sourcecode.swift; path = ViewController.swift; sourceTree = "<group>"; };
		49EA620A1DAE1596009874BB /* Base */ = {isa = PBXFileReference; lastKnownFileType = file.storyboard; name = Base; path = Base.lproj/Main.storyboard; sourceTree = "<group>"; };
		49EA620C1DAE1596009874BB /* Assets.xcassets */ = {isa = PBXFileReference; lastKnownFileType = folder.assetcatalog; path = Assets.xcassets; sourceTree = "<group>"; };
		49EA620F1DAE1596009874BB /* Base */ = {isa = PBXFileReference; lastKnownFileType = file.storyboard; name = Base; path = Base.lproj/LaunchScreen.storyboard; sourceTree = "<group>"; };
		49EA62111DAE1596009874BB /* Info.plist */ = {isa = PBXFileReference; lastKnownFileType = text.plist.xml; path = Info.plist; sourceTree = "<group>"; };
		49EA62151DAE15DC009874BB /* UnitTestHostApp.entitlements */ = {isa = PBXFileReference; lastKnownFileType = text.plist.entitlements; path = UnitTestHostApp.entitlements; sourceTree = "<group>"; };
		49EA621C1DAE41F0009874BB /* animated.gif */ = {isa = PBXFileReference; lastKnownFileType = image.gif; path = animated.gif; sourceTree = "<group>"; };
		49EA621D1DAE41F0009874BB /* empty.gif */ = {isa = PBXFileReference; lastKnownFileType = image.gif; path = empty.gif; sourceTree = "<group>"; };
		49EA621E1DAE41F0009874BB /* randombytes_broken.gif */ = {isa = PBXFileReference; lastKnownFileType = image.gif; path = randombytes_broken.gif; sourceTree = "<group>"; };
		49EA621F1DAE41F0009874BB /* working.gif */ = {isa = PBXFileReference; lastKnownFileType = image.gif; path = working.gif; sourceTree = "<group>"; };
		7430945B1D117F4400B8E637 /* NSLayoutConstraintExtensions.swift */ = {isa = PBXFileReference; fileEncoding = 4; lastKnownFileType = sourcecode.swift; path = NSLayoutConstraintExtensions.swift; sourceTree = "<group>"; };
		7430945E1D117FC800B8E637 /* NSLayoutConstraintExtensionsTests.swift */ = {isa = PBXFileReference; fileEncoding = 4; lastKnownFileType = sourcecode.swift; path = NSLayoutConstraintExtensionsTests.swift; sourceTree = "<group>"; };
		8FB62C1710F4FA9393F8FE46 /* Pods-QvikSwiftTests.release.xcconfig */ = {isa = PBXFileReference; includeInIndex = 1; lastKnownFileType = text.xcconfig; name = "Pods-QvikSwiftTests.release.xcconfig"; path = "Pods/Target Support Files/Pods-QvikSwiftTests/Pods-QvikSwiftTests.release.xcconfig"; sourceTree = "<group>"; };
		A72107FE784F9DC6A54670E7 /* Pods-QvikSwift.debug.xcconfig */ = {isa = PBXFileReference; includeInIndex = 1; lastKnownFileType = text.xcconfig; name = "Pods-QvikSwift.debug.xcconfig"; path = "Pods/Target Support Files/Pods-QvikSwift/Pods-QvikSwift.debug.xcconfig"; sourceTree = "<group>"; };
		E2C4881BD371CED5B735A1F4 /* Pods-QvikSwiftTests.debug.xcconfig */ = {isa = PBXFileReference; includeInIndex = 1; lastKnownFileType = text.xcconfig; name = "Pods-QvikSwiftTests.debug.xcconfig"; path = "Pods/Target Support Files/Pods-QvikSwiftTests/Pods-QvikSwiftTests.debug.xcconfig"; sourceTree = "<group>"; };
		E5609EA368E9EEE1E89786A8 /* Pods-QvikSwift.release.xcconfig */ = {isa = PBXFileReference; includeInIndex = 1; lastKnownFileType = text.xcconfig; name = "Pods-QvikSwift.release.xcconfig"; path = "Pods/Target Support Files/Pods-QvikSwift/Pods-QvikSwift.release.xcconfig"; sourceTree = "<group>"; };
/* End PBXFileReference section */

/* Begin PBXFrameworksBuildPhase section */
		490C9D8B1B523FB00024945B /* Frameworks */ = {
			isa = PBXFrameworksBuildPhase;
			buildActionMask = 2147483647;
			files = (
				E2AD0650D9B3EC400AB1BB84 /* Pods_QvikSwift.framework in Frameworks */,
			);
			runOnlyForDeploymentPostprocessing = 0;
		};
		490C9D971B523FB00024945B /* Frameworks */ = {
			isa = PBXFrameworksBuildPhase;
			buildActionMask = 2147483647;
			files = (
				490C9D9B1B523FB00024945B /* QvikSwift.framework in Frameworks */,
				04244098871DBC680A1B354C /* Pods_QvikSwiftTests.framework in Frameworks */,
			);
			runOnlyForDeploymentPostprocessing = 0;
		};
		49EA62001DAE1596009874BB /* Frameworks */ = {
			isa = PBXFrameworksBuildPhase;
			buildActionMask = 2147483647;
			files = (
			);
			runOnlyForDeploymentPostprocessing = 0;
		};
/* End PBXFrameworksBuildPhase section */

/* Begin PBXGroup section */
		2697B8683CDDEC4A0C7A3B5B /* Pods */ = {
			isa = PBXGroup;
			children = (
				A72107FE784F9DC6A54670E7 /* Pods-QvikSwift.debug.xcconfig */,
				E5609EA368E9EEE1E89786A8 /* Pods-QvikSwift.release.xcconfig */,
				E2C4881BD371CED5B735A1F4 /* Pods-QvikSwiftTests.debug.xcconfig */,
				8FB62C1710F4FA9393F8FE46 /* Pods-QvikSwiftTests.release.xcconfig */,
			);
			name = Pods;
			sourceTree = "<group>";
		};
		490C9D851B523FB00024945B = {
			isa = PBXGroup;
			children = (
				498D0DBD1B959B1600339E2B /* README.md */,
				4992A2A21DB8ED7C00745E4D /* Podfile */,
				498D0DBC1B959B0900339E2B /* QvikSwift.podspec */,
				490C9D911B523FB00024945B /* QvikSwift */,
				490C9D9E1B523FB00024945B /* QvikSwiftTests */,
				49EA62041DAE1596009874BB /* UnitTestHostApp */,
				495E95161B9594BE006EEFC6 /* Frameworks */,
				490C9D901B523FB00024945B /* Products */,
				2697B8683CDDEC4A0C7A3B5B /* Pods */,
			);
			sourceTree = "<group>";
		};
		490C9D901B523FB00024945B /* Products */ = {
			isa = PBXGroup;
			children = (
				490C9D8F1B523FB00024945B /* QvikSwift.framework */,
				490C9D9A1B523FB00024945B /* QvikSwiftTests.xctest */,
				49EA62031DAE1596009874BB /* UnitTestHostApp.app */,
			);
			name = Products;
			sourceTree = "<group>";
		};
		490C9D911B523FB00024945B /* QvikSwift */ = {
			isa = PBXGroup;
			children = (
				499C48911BAAC52F00892142 /* Utils */,
				499C48901BAAC51E00892142 /* Extensions */,
				490C9D921B523FB00024945B /* Supporting Files */,
			);
			path = QvikSwift;
			sourceTree = "<group>";
		};
		490C9D921B523FB00024945B /* Supporting Files */ = {
			isa = PBXGroup;
			children = (
				490C9D941B523FB00024945B /* QvikSwift.h */,
				490C9DB01B5247020024945B /* QvikSwift.playground */,
				490C9D931B523FB00024945B /* Info.plist */,
			);
			name = "Supporting Files";
			sourceTree = "<group>";
		};
		490C9D9E1B523FB00024945B /* QvikSwiftTests */ = {
			isa = PBXGroup;
			children = (
				49EA621B1DAE41F0009874BB /* TestData */,
				49EA61FC1DAE0EF4009874BB /* KeychainTests.swift */,
				49516BCB1C15BC5400C56FDC /* CGFloatExtensionsTests.swift */,
				49CBEA1E1B7B90F800B1819B /* CGPointExtensionsTests.swift */,
				49CBEA201B7B917300B1819B /* CGRectExtensionsTests.swift */,
				49516BD01C181DFB00C56FDC /* CGSizeExtensionsTests.swift */,
				49CBE9DE1B78DFA400B1819B /* CollectionExtensionsTests.swift */,
				49516BC91C15BC0400C56FDC /* DoubleExtensionsTests.swift */,
				49516BC41C15BB1100C56FDC /* IntExtensionsTests.swift */,
				49DFEAF11DACEF7C00835200 /* DataExtensionsTests.swift */,
				490605D01B70D5E100C055AF /* DateFormatterExtensionsTests.swift */,
				7430945E1D117FC800B8E637 /* NSLayoutConstraintExtensionsTests.swift */,
				49CBEA1C1B7B8BDD00B1819B /* ReadWriteLockTests.swift */,
				490C9DAE1B5242230024945B /* StringExtensionsTests.swift */,
				490C9DE11B5294790024945B /* UIImageExtensionsTests.swift */,
				494558641C39352A00F3E8FC /* UIResponderExtensionsTests.swift */,
				4916ED031B66163300E6A22D /* UIViewExtensionsTests.swift */,
				4916ED091B66235F00E6A22D /* UIColorExtensionsTests.swift */,
				49AD57D61CDB2D840004DE08 /* SequenceTypeExtensionsTests.swift */,
				490C9D9F1B523FB00024945B /* Supporting Files */,
			);
			path = QvikSwiftTests;
			sourceTree = "<group>";
		};
		490C9D9F1B523FB00024945B /* Supporting Files */ = {
			isa = PBXGroup;
			children = (
				490C9DA01B523FB00024945B /* Info.plist */,
			);
			name = "Supporting Files";
			sourceTree = "<group>";
		};
		495E95161B9594BE006EEFC6 /* Frameworks */ = {
			isa = PBXGroup;
			children = (
				495E95101B958FFE006EEFC6 /* libcommonCrypto.dylib */,
				4681B3132FC6178DE75A26D6 /* Pods_QvikSwift.framework */,
				3B3A14866F2FC42594FE4205 /* Pods_QvikSwiftTests.framework */,
			);
			name = Frameworks;
			sourceTree = "<group>";
		};
		499C48901BAAC51E00892142 /* Extensions */ = {
			isa = PBXGroup;
			children = (
				49516BBF1C15888300C56FDC /* CGFloatExtensions.swift */,
				49CBEA161B7B892500B1819B /* CGPointExtensions.swift */,
				49CBEA131B7B888C00B1819B /* CGRectExtensions.swift */,
				49516BCD1C181C7E00C56FDC /* CGSizeExtensions.swift */,
				49CBE9DB1B78DF3B00B1819B /* CollectionExtensions.swift */,
				49516BBE1C15888300C56FDC /* DoubleExtensions.swift */,
				49516BC01C15888300C56FDC /* IntExtensions.swift */,
				49E97C871BD929D700AEEB5D /* BundleExtensions.swift */,
				499D6F121B931C8A00E50D8D /* DataExtensions.swift */,
				490605CD1B70D18200C055AF /* DateFormatterExtensions.swift */,
				7430945B1D117F4400B8E637 /* NSLayoutConstraintExtensions.swift */,
				49AD57D31CDB2D410004DE08 /* SequenceTypeExtensions.swift */,
				490C9DAB1B52408E0024945B /* StringExtensions.swift */,
				4916ED061B661AFE00E6A22D /* UIColorExtensions.swift */,
				490C9DDF1B5292FC0024945B /* UIImageExtensions.swift */,
				494558611C3934AA00F3E8FC /* UIResponderExtensions.swift */,
				4916ED011B66138D00E6A22D /* UIViewExtensions.swift */,
				490F55BF1CD74BAB001FF657 /* UIGestureRecognizerExtensions.swift */,
			);
			name = Extensions;
			sourceTree = "<group>";
		};
		499C48911BAAC52F00892142 /* Utils */ = {
			isa = PBXGroup;
			children = (
				49CBEA191B7B8AA200B1819B /* ReadWriteLock.swift */,
				499D6F0E1B93191E00E50D8D /* Utils.swift */,
				49EA61F91DAD1C69009874BB /* Keychain.swift */,
			);
			name = Utils;
			sourceTree = "<group>";
		};
		49EA62041DAE1596009874BB /* UnitTestHostApp */ = {
			isa = PBXGroup;
			children = (
				49EA62151DAE15DC009874BB /* UnitTestHostApp.entitlements */,
				49EA62051DAE1596009874BB /* AppDelegate.swift */,
				49EA62071DAE1596009874BB /* ViewController.swift */,
				49EA62091DAE1596009874BB /* Main.storyboard */,
				49EA620C1DAE1596009874BB /* Assets.xcassets */,
				49EA620E1DAE1596009874BB /* LaunchScreen.storyboard */,
				49EA62111DAE1596009874BB /* Info.plist */,
			);
			path = UnitTestHostApp;
			sourceTree = "<group>";
		};
		49EA621B1DAE41F0009874BB /* TestData */ = {
			isa = PBXGroup;
			children = (
				49EA621C1DAE41F0009874BB /* animated.gif */,
				49EA621D1DAE41F0009874BB /* empty.gif */,
				49EA621E1DAE41F0009874BB /* randombytes_broken.gif */,
				49EA621F1DAE41F0009874BB /* working.gif */,
			);
			path = TestData;
			sourceTree = "<group>";
		};
/* End PBXGroup section */

/* Begin PBXHeadersBuildPhase section */
		490C9D8C1B523FB00024945B /* Headers */ = {
			isa = PBXHeadersBuildPhase;
			buildActionMask = 2147483647;
			files = (
				490C9D951B523FB00024945B /* QvikSwift.h in Headers */,
			);
			runOnlyForDeploymentPostprocessing = 0;
		};
/* End PBXHeadersBuildPhase section */

/* Begin PBXNativeTarget section */
		490C9D8E1B523FB00024945B /* QvikSwift */ = {
			isa = PBXNativeTarget;
			buildConfigurationList = 490C9DA51B523FB00024945B /* Build configuration list for PBXNativeTarget "QvikSwift" */;
			buildPhases = (
				8A103DD486811186A2F8FF92 /* [CP] Check Pods Manifest.lock */,
				490C9D8A1B523FB00024945B /* Sources */,
				490CB4AF1CCB3EB000057994 /* Swiftlint */,
				490C9D8B1B523FB00024945B /* Frameworks */,
				490C9D8C1B523FB00024945B /* Headers */,
				490C9D8D1B523FB00024945B /* Resources */,
			);
			buildRules = (
			);
			dependencies = (
			);
			name = QvikSwift;
			productName = QvikSwift;
			productReference = 490C9D8F1B523FB00024945B /* QvikSwift.framework */;
			productType = "com.apple.product-type.framework";
		};
		490C9D991B523FB00024945B /* QvikSwiftTests */ = {
			isa = PBXNativeTarget;
			buildConfigurationList = 490C9DA81B523FB00024945B /* Build configuration list for PBXNativeTarget "QvikSwiftTests" */;
			buildPhases = (
				AC9050E74E294DBC5549CDB0 /* [CP] Check Pods Manifest.lock */,
				490C9D961B523FB00024945B /* Sources */,
				490C9D971B523FB00024945B /* Frameworks */,
				490C9D981B523FB00024945B /* Resources */,
			);
			buildRules = (
			);
			dependencies = (
				490C9D9D1B523FB00024945B /* PBXTargetDependency */,
				49EA62171DAE1606009874BB /* PBXTargetDependency */,
			);
			name = QvikSwiftTests;
			productName = QvikSwiftTests;
			productReference = 490C9D9A1B523FB00024945B /* QvikSwiftTests.xctest */;
			productType = "com.apple.product-type.bundle.unit-test";
		};
		49EA62021DAE1596009874BB /* UnitTestHostApp */ = {
			isa = PBXNativeTarget;
			buildConfigurationList = 49EA62121DAE1596009874BB /* Build configuration list for PBXNativeTarget "UnitTestHostApp" */;
			buildPhases = (
				49EA61FF1DAE1596009874BB /* Sources */,
				49EA62001DAE1596009874BB /* Frameworks */,
				49EA62011DAE1596009874BB /* Resources */,
			);
			buildRules = (
			);
			dependencies = (
			);
			name = UnitTestHostApp;
			productName = UnitTestHostApp;
			productReference = 49EA62031DAE1596009874BB /* UnitTestHostApp.app */;
			productType = "com.apple.product-type.application";
		};
/* End PBXNativeTarget section */

/* Begin PBXProject section */
		490C9D861B523FB00024945B /* Project object */ = {
			isa = PBXProject;
			attributes = {
				LastSwiftMigration = 0700;
				LastSwiftUpdateCheck = 0800;
				LastUpgradeCheck = 0930;
				ORGANIZATIONNAME = Qvik;
				TargetAttributes = {
					490C9D8E1B523FB00024945B = {
						CreatedOnToolsVersion = 6.4;
						LastSwiftMigration = 0900;
					};
					490C9D991B523FB00024945B = {
						CreatedOnToolsVersion = 6.4;
						LastSwiftMigration = 0800;
						TestTargetID = 49EA62021DAE1596009874BB;
					};
					49EA62021DAE1596009874BB = {
						CreatedOnToolsVersion = 8.0;
						DevelopmentTeam = 2RLYKMD3U8;
						LastSwiftMigration = 0900;
						ProvisioningStyle = Automatic;
						SystemCapabilities = {
							com.apple.Keychain = {
								enabled = 1;
							};
						};
					};
				};
			};
			buildConfigurationList = 490C9D891B523FB00024945B /* Build configuration list for PBXProject "QvikSwift" */;
			compatibilityVersion = "Xcode 3.2";
			developmentRegion = English;
			hasScannedForEncodings = 0;
			knownRegions = (
				en,
				Base,
			);
			mainGroup = 490C9D851B523FB00024945B;
			productRefGroup = 490C9D901B523FB00024945B /* Products */;
			projectDirPath = "";
			projectRoot = "";
			targets = (
				490C9D8E1B523FB00024945B /* QvikSwift */,
				490C9D991B523FB00024945B /* QvikSwiftTests */,
				49EA62021DAE1596009874BB /* UnitTestHostApp */,
			);
		};
/* End PBXProject section */

/* Begin PBXResourcesBuildPhase section */
		490C9D8D1B523FB00024945B /* Resources */ = {
			isa = PBXResourcesBuildPhase;
			buildActionMask = 2147483647;
			files = (
				4992A2A31DB8ED7C00745E4D /* Podfile in Resources */,
			);
			runOnlyForDeploymentPostprocessing = 0;
		};
		490C9D981B523FB00024945B /* Resources */ = {
			isa = PBXResourcesBuildPhase;
			buildActionMask = 2147483647;
			files = (
				49EA62201DAE41F0009874BB /* animated.gif in Resources */,
				49EA62231DAE41F0009874BB /* working.gif in Resources */,
				49EA62221DAE41F0009874BB /* randombytes_broken.gif in Resources */,
				49EA62211DAE41F0009874BB /* empty.gif in Resources */,
			);
			runOnlyForDeploymentPostprocessing = 0;
		};
		49EA62011DAE1596009874BB /* Resources */ = {
			isa = PBXResourcesBuildPhase;
			buildActionMask = 2147483647;
			files = (
				49EA62101DAE1596009874BB /* LaunchScreen.storyboard in Resources */,
				49EA620D1DAE1596009874BB /* Assets.xcassets in Resources */,
				49EA620B1DAE1596009874BB /* Main.storyboard in Resources */,
			);
			runOnlyForDeploymentPostprocessing = 0;
		};
/* End PBXResourcesBuildPhase section */

/* Begin PBXShellScriptBuildPhase section */
		490CB4AF1CCB3EB000057994 /* Swiftlint */ = {
			isa = PBXShellScriptBuildPhase;
			buildActionMask = 2147483647;
			files = (
			);
			inputPaths = (
			);
			name = Swiftlint;
			outputPaths = (
			);
			runOnlyForDeploymentPostprocessing = 0;
			shellPath = /bin/sh;
			shellScript = "if which swiftlint >/dev/null; then\nswiftlint\nelse\necho \"error: Swiftlint not installed - see https://github.com/realm/SwiftLint\"\nexit 1\nfi\n";
		};
		8A103DD486811186A2F8FF92 /* [CP] Check Pods Manifest.lock */ = {
			isa = PBXShellScriptBuildPhase;
			buildActionMask = 2147483647;
			files = (
			);
			inputPaths = (
				"${PODS_PODFILE_DIR_PATH}/Podfile.lock",
				"${PODS_ROOT}/Manifest.lock",
			);
			name = "[CP] Check Pods Manifest.lock";
			outputPaths = (
				"$(DERIVED_FILE_DIR)/Pods-QvikSwift-checkManifestLockResult.txt",
			);
			runOnlyForDeploymentPostprocessing = 0;
			shellPath = /bin/sh;
			shellScript = "diff \"${PODS_PODFILE_DIR_PATH}/Podfile.lock\" \"${PODS_ROOT}/Manifest.lock\" > /dev/null\nif [ $? != 0 ] ; then\n    # print error to STDERR\n    echo \"error: The sandbox is not in sync with the Podfile.lock. Run 'pod install' or update your CocoaPods installation.\" >&2\n    exit 1\nfi\n# This output is used by Xcode 'outputs' to avoid re-running this script phase.\necho \"SUCCESS\" > \"${SCRIPT_OUTPUT_FILE_0}\"\n";
			showEnvVarsInLog = 0;
		};
		AC9050E74E294DBC5549CDB0 /* [CP] Check Pods Manifest.lock */ = {
			isa = PBXShellScriptBuildPhase;
			buildActionMask = 2147483647;
			files = (
			);
			inputPaths = (
				"${PODS_PODFILE_DIR_PATH}/Podfile.lock",
				"${PODS_ROOT}/Manifest.lock",
			);
			name = "[CP] Check Pods Manifest.lock";
			outputPaths = (
				"$(DERIVED_FILE_DIR)/Pods-QvikSwiftTests-checkManifestLockResult.txt",
			);
			runOnlyForDeploymentPostprocessing = 0;
			shellPath = /bin/sh;
			shellScript = "diff \"${PODS_PODFILE_DIR_PATH}/Podfile.lock\" \"${PODS_ROOT}/Manifest.lock\" > /dev/null\nif [ $? != 0 ] ; then\n    # print error to STDERR\n    echo \"error: The sandbox is not in sync with the Podfile.lock. Run 'pod install' or update your CocoaPods installation.\" >&2\n    exit 1\nfi\n# This output is used by Xcode 'outputs' to avoid re-running this script phase.\necho \"SUCCESS\" > \"${SCRIPT_OUTPUT_FILE_0}\"\n";
			showEnvVarsInLog = 0;
		};
/* End PBXShellScriptBuildPhase section */

/* Begin PBXSourcesBuildPhase section */
		490C9D8A1B523FB00024945B /* Sources */ = {
			isa = PBXSourcesBuildPhase;
			buildActionMask = 2147483647;
			files = (
				490605CE1B70D18200C055AF /* DateFormatterExtensions.swift in Sources */,
				49CBE9DC1B78DF3B00B1819B /* CollectionExtensions.swift in Sources */,
				49516BC21C15888300C56FDC /* CGFloatExtensions.swift in Sources */,
				49516BC31C15888300C56FDC /* IntExtensions.swift in Sources */,
				49CBEA141B7B888C00B1819B /* CGRectExtensions.swift in Sources */,
				49CBEA1A1B7B8AA200B1819B /* ReadWriteLock.swift in Sources */,
				490C9DAC1B52408E0024945B /* StringExtensions.swift in Sources */,
				499D6F0F1B93191E00E50D8D /* Utils.swift in Sources */,
				49AD57D41CDB2D410004DE08 /* SequenceTypeExtensions.swift in Sources */,
				49516BCE1C181C7E00C56FDC /* CGSizeExtensions.swift in Sources */,
				494558621C3934AA00F3E8FC /* UIResponderExtensions.swift in Sources */,
				49EA61FA1DAD1C69009874BB /* Keychain.swift in Sources */,
				499D6F131B931C8A00E50D8D /* DataExtensions.swift in Sources */,
				490F55C01CD74BAB001FF657 /* UIGestureRecognizerExtensions.swift in Sources */,
				4916ED071B661AFE00E6A22D /* UIColorExtensions.swift in Sources */,
				4916ED021B66138E00E6A22D /* UIViewExtensions.swift in Sources */,
				49CBEA171B7B892500B1819B /* CGPointExtensions.swift in Sources */,
				49516BC11C15888300C56FDC /* DoubleExtensions.swift in Sources */,
				490C9DE01B5292FC0024945B /* UIImageExtensions.swift in Sources */,
				49E97C881BD929D700AEEB5D /* BundleExtensions.swift in Sources */,
				7430945C1D117F4400B8E637 /* NSLayoutConstraintExtensions.swift in Sources */,
			);
			runOnlyForDeploymentPostprocessing = 0;
		};
		490C9D961B523FB00024945B /* Sources */ = {
			isa = PBXSourcesBuildPhase;
			buildActionMask = 2147483647;
			files = (
				49EA61FD1DAE0EF4009874BB /* KeychainTests.swift in Sources */,
				7430945D1D117F4400B8E637 /* NSLayoutConstraintExtensions.swift in Sources */,
				490C9DAF1B5242230024945B /* StringExtensionsTests.swift in Sources */,
				49516BD11C181DFB00C56FDC /* CGSizeExtensionsTests.swift in Sources */,
				4916ED051B66163B00E6A22D /* UIViewExtensions.swift in Sources */,
				49CBEA1F1B7B90F800B1819B /* CGPointExtensionsTests.swift in Sources */,
				490C9DAD1B52408E0024945B /* StringExtensions.swift in Sources */,
				4916ED041B66163300E6A22D /* UIViewExtensionsTests.swift in Sources */,
				49CBEA1D1B7B8BDD00B1819B /* ReadWriteLockTests.swift in Sources */,
				490C9DE31B5296F70024945B /* UIImageExtensions.swift in Sources */,
				743094601D117FC800B8E637 /* NSLayoutConstraintExtensionsTests.swift in Sources */,
				494558661C3939AE00F3E8FC /* Utils.swift in Sources */,
				490605CF1B70D18200C055AF /* DateFormatterExtensions.swift in Sources */,
				49516BC51C15BB1100C56FDC /* IntExtensionsTests.swift in Sources */,
				49516BCF1C181C7E00C56FDC /* CGSizeExtensions.swift in Sources */,
				4916ED0A1B66235F00E6A22D /* UIColorExtensionsTests.swift in Sources */,
				49CBEA181B7B892500B1819B /* CGPointExtensions.swift in Sources */,
				49CBE9E01B78DFA400B1819B /* CollectionExtensionsTests.swift in Sources */,
				49CBE9DD1B78DF3B00B1819B /* CollectionExtensions.swift in Sources */,
				49CBEA151B7B888C00B1819B /* CGRectExtensions.swift in Sources */,
				49AD57D81CDB2D840004DE08 /* SequenceTypeExtensionsTests.swift in Sources */,
				49516BCC1C15BC5400C56FDC /* CGFloatExtensionsTests.swift in Sources */,
				49516BCA1C15BC0400C56FDC /* DoubleExtensionsTests.swift in Sources */,
				494558651C39352A00F3E8FC /* UIResponderExtensionsTests.swift in Sources */,
				4916ED081B661AFE00E6A22D /* UIColorExtensions.swift in Sources */,
				490605D21B70D5E100C055AF /* DateFormatterExtensionsTests.swift in Sources */,
				494558631C3934AA00F3E8FC /* UIResponderExtensions.swift in Sources */,
				49DFEAF21DACEF7C00835200 /* DataExtensionsTests.swift in Sources */,
				499D6F141B931C8A00E50D8D /* DataExtensions.swift in Sources */,
				49516BC71C15BB8700C56FDC /* CGFloatExtensions.swift in Sources */,
				49516BC61C15BB8200C56FDC /* IntExtensions.swift in Sources */,
				49516BC81C15BB8B00C56FDC /* DoubleExtensions.swift in Sources */,
				49CBEA1B1B7B8AA200B1819B /* ReadWriteLock.swift in Sources */,
				490C9DE21B5294790024945B /* UIImageExtensionsTests.swift in Sources */,
				49AD57D51CDB2D410004DE08 /* SequenceTypeExtensions.swift in Sources */,
				49CBEA211B7B917300B1819B /* CGRectExtensionsTests.swift in Sources */,
				49EA61FB1DAD1C69009874BB /* Keychain.swift in Sources */,
			);
			runOnlyForDeploymentPostprocessing = 0;
		};
		49EA61FF1DAE1596009874BB /* Sources */ = {
			isa = PBXSourcesBuildPhase;
			buildActionMask = 2147483647;
			files = (
				49EA62081DAE1596009874BB /* ViewController.swift in Sources */,
				49EA62061DAE1596009874BB /* AppDelegate.swift in Sources */,
			);
			runOnlyForDeploymentPostprocessing = 0;
		};
/* End PBXSourcesBuildPhase section */

/* Begin PBXTargetDependency section */
		490C9D9D1B523FB00024945B /* PBXTargetDependency */ = {
			isa = PBXTargetDependency;
			target = 490C9D8E1B523FB00024945B /* QvikSwift */;
			targetProxy = 490C9D9C1B523FB00024945B /* PBXContainerItemProxy */;
		};
		49EA62171DAE1606009874BB /* PBXTargetDependency */ = {
			isa = PBXTargetDependency;
			target = 49EA62021DAE1596009874BB /* UnitTestHostApp */;
			targetProxy = 49EA62161DAE1606009874BB /* PBXContainerItemProxy */;
		};
/* End PBXTargetDependency section */

/* Begin PBXVariantGroup section */
		49EA62091DAE1596009874BB /* Main.storyboard */ = {
			isa = PBXVariantGroup;
			children = (
				49EA620A1DAE1596009874BB /* Base */,
			);
			name = Main.storyboard;
			sourceTree = "<group>";
		};
		49EA620E1DAE1596009874BB /* LaunchScreen.storyboard */ = {
			isa = PBXVariantGroup;
			children = (
				49EA620F1DAE1596009874BB /* Base */,
			);
			name = LaunchScreen.storyboard;
			sourceTree = "<group>";
		};
/* End PBXVariantGroup section */

/* Begin XCBuildConfiguration section */
		490C9DA31B523FB00024945B /* Debug */ = {
			isa = XCBuildConfiguration;
			buildSettings = {
				ALWAYS_SEARCH_USER_PATHS = NO;
				CLANG_ALLOW_NON_MODULAR_INCLUDES_IN_FRAMEWORK_MODULES = YES;
				CLANG_CXX_LANGUAGE_STANDARD = "gnu++0x";
				CLANG_CXX_LIBRARY = "libc++";
				CLANG_ENABLE_MODULES = YES;
				CLANG_ENABLE_OBJC_ARC = YES;
				CLANG_WARN_BLOCK_CAPTURE_AUTORELEASING = YES;
				CLANG_WARN_BOOL_CONVERSION = YES;
				CLANG_WARN_COMMA = YES;
				CLANG_WARN_CONSTANT_CONVERSION = YES;
				CLANG_WARN_DEPRECATED_OBJC_IMPLEMENTATIONS = YES;
				CLANG_WARN_DIRECT_OBJC_ISA_USAGE = YES_ERROR;
				CLANG_WARN_EMPTY_BODY = YES;
				CLANG_WARN_ENUM_CONVERSION = YES;
				CLANG_WARN_INFINITE_RECURSION = YES;
				CLANG_WARN_INT_CONVERSION = YES;
				CLANG_WARN_NON_LITERAL_NULL_CONVERSION = YES;
				CLANG_WARN_OBJC_IMPLICIT_RETAIN_SELF = YES;
				CLANG_WARN_OBJC_LITERAL_CONVERSION = YES;
				CLANG_WARN_OBJC_ROOT_CLASS = YES_ERROR;
				CLANG_WARN_RANGE_LOOP_ANALYSIS = YES;
				CLANG_WARN_STRICT_PROTOTYPES = YES;
				CLANG_WARN_SUSPICIOUS_MOVE = YES;
				CLANG_WARN_UNREACHABLE_CODE = YES;
				CLANG_WARN__DUPLICATE_METHOD_MATCH = YES;
				"CODE_SIGN_IDENTITY[sdk=iphoneos*]" = "iPhone Developer";
				COPY_PHASE_STRIP = NO;
				CURRENT_PROJECT_VERSION = 1;
				DEBUG_INFORMATION_FORMAT = "dwarf-with-dsym";
				ENABLE_STRICT_OBJC_MSGSEND = YES;
				ENABLE_TESTABILITY = YES;
				GCC_C_LANGUAGE_STANDARD = gnu99;
				GCC_DYNAMIC_NO_PIC = NO;
				GCC_NO_COMMON_BLOCKS = YES;
				GCC_OPTIMIZATION_LEVEL = 0;
				GCC_PREPROCESSOR_DEFINITIONS = (
					"DEBUG=1",
					"$(inherited)",
				);
				GCC_SYMBOLS_PRIVATE_EXTERN = NO;
				GCC_WARN_64_TO_32_BIT_CONVERSION = YES;
				GCC_WARN_ABOUT_RETURN_TYPE = YES_ERROR;
				GCC_WARN_UNDECLARED_SELECTOR = YES;
				GCC_WARN_UNINITIALIZED_AUTOS = YES_AGGRESSIVE;
				GCC_WARN_UNUSED_FUNCTION = YES;
				GCC_WARN_UNUSED_VARIABLE = YES;
				IPHONEOS_DEPLOYMENT_TARGET = 10.0;
				MTL_ENABLE_DEBUG_INFO = YES;
				ONLY_ACTIVE_ARCH = YES;
				SDKROOT = iphoneos;
				SWIFT_INCLUDE_PATHS = "";
				SWIFT_OPTIMIZATION_LEVEL = "-Onone";
				SWIFT_SWIFT3_OBJC_INFERENCE = Off;
				SWIFT_VERSION = 4.2;
				TARGETED_DEVICE_FAMILY = "1,2";
				VERSIONING_SYSTEM = "apple-generic";
				VERSION_INFO_PREFIX = "";
			};
			name = Debug;
		};
		490C9DA41B523FB00024945B /* Release */ = {
			isa = XCBuildConfiguration;
			buildSettings = {
				ALWAYS_SEARCH_USER_PATHS = NO;
				CLANG_ALLOW_NON_MODULAR_INCLUDES_IN_FRAMEWORK_MODULES = YES;
				CLANG_CXX_LANGUAGE_STANDARD = "gnu++0x";
				CLANG_CXX_LIBRARY = "libc++";
				CLANG_ENABLE_MODULES = YES;
				CLANG_ENABLE_OBJC_ARC = YES;
				CLANG_WARN_BLOCK_CAPTURE_AUTORELEASING = YES;
				CLANG_WARN_BOOL_CONVERSION = YES;
				CLANG_WARN_COMMA = YES;
				CLANG_WARN_CONSTANT_CONVERSION = YES;
				CLANG_WARN_DEPRECATED_OBJC_IMPLEMENTATIONS = YES;
				CLANG_WARN_DIRECT_OBJC_ISA_USAGE = YES_ERROR;
				CLANG_WARN_EMPTY_BODY = YES;
				CLANG_WARN_ENUM_CONVERSION = YES;
				CLANG_WARN_INFINITE_RECURSION = YES;
				CLANG_WARN_INT_CONVERSION = YES;
				CLANG_WARN_NON_LITERAL_NULL_CONVERSION = YES;
				CLANG_WARN_OBJC_IMPLICIT_RETAIN_SELF = YES;
				CLANG_WARN_OBJC_LITERAL_CONVERSION = YES;
				CLANG_WARN_OBJC_ROOT_CLASS = YES_ERROR;
				CLANG_WARN_RANGE_LOOP_ANALYSIS = YES;
				CLANG_WARN_STRICT_PROTOTYPES = YES;
				CLANG_WARN_SUSPICIOUS_MOVE = YES;
				CLANG_WARN_UNREACHABLE_CODE = YES;
				CLANG_WARN__DUPLICATE_METHOD_MATCH = YES;
				"CODE_SIGN_IDENTITY[sdk=iphoneos*]" = "iPhone Developer";
				COPY_PHASE_STRIP = NO;
				CURRENT_PROJECT_VERSION = 1;
				DEBUG_INFORMATION_FORMAT = "dwarf-with-dsym";
				ENABLE_NS_ASSERTIONS = NO;
				ENABLE_STRICT_OBJC_MSGSEND = YES;
				GCC_C_LANGUAGE_STANDARD = gnu99;
				GCC_NO_COMMON_BLOCKS = YES;
				GCC_WARN_64_TO_32_BIT_CONVERSION = YES;
				GCC_WARN_ABOUT_RETURN_TYPE = YES_ERROR;
				GCC_WARN_UNDECLARED_SELECTOR = YES;
				GCC_WARN_UNINITIALIZED_AUTOS = YES_AGGRESSIVE;
				GCC_WARN_UNUSED_FUNCTION = YES;
				GCC_WARN_UNUSED_VARIABLE = YES;
				IPHONEOS_DEPLOYMENT_TARGET = 10.0;
				MTL_ENABLE_DEBUG_INFO = NO;
				SDKROOT = iphoneos;
				SWIFT_INCLUDE_PATHS = "";
				SWIFT_OPTIMIZATION_LEVEL = "-Owholemodule";
				SWIFT_SWIFT3_OBJC_INFERENCE = Off;
				SWIFT_VERSION = 4.2;
				TARGETED_DEVICE_FAMILY = "1,2";
				VALIDATE_PRODUCT = YES;
				VERSIONING_SYSTEM = "apple-generic";
				VERSION_INFO_PREFIX = "";
			};
			name = Release;
		};
		490C9DA61B523FB00024945B /* Debug */ = {
			isa = XCBuildConfiguration;
			baseConfigurationReference = A72107FE784F9DC6A54670E7 /* Pods-QvikSwift.debug.xcconfig */;
			buildSettings = {
				CLANG_ALLOW_NON_MODULAR_INCLUDES_IN_FRAMEWORK_MODULES = YES;
				CLANG_ENABLE_MODULES = YES;
				"CODE_SIGN_IDENTITY[sdk=iphoneos*]" = "";
				DEFINES_MODULE = YES;
				DYLIB_COMPATIBILITY_VERSION = 1;
				DYLIB_CURRENT_VERSION = 1;
				DYLIB_INSTALL_NAME_BASE = "@rpath";
				INFOPLIST_FILE = QvikSwift/Info.plist;
				INSTALL_PATH = "$(LOCAL_LIBRARY_DIR)/Frameworks";
				IPHONEOS_DEPLOYMENT_TARGET = 10.0;
				LD_RUNPATH_SEARCH_PATHS = "$(inherited) @executable_path/Frameworks @loader_path/Frameworks";
				LIBRARY_SEARCH_PATHS = (
					"$(inherited)",
					"$(SDKROOT)/usr/lib/system",
				);
				PRODUCT_BUNDLE_IDENTIFIER = "fi.qvik.$(PRODUCT_NAME:rfc1034identifier)";
				PRODUCT_NAME = "$(TARGET_NAME)";
				SKIP_INSTALL = YES;
				SWIFT_INCLUDE_PATHS = "";
				SWIFT_OPTIMIZATION_LEVEL = "-Onone";
				SWIFT_SWIFT3_OBJC_INFERENCE = Default;
				SWIFT_VERSION = 4.2;
			};
			name = Debug;
		};
		490C9DA71B523FB00024945B /* Release */ = {
			isa = XCBuildConfiguration;
			baseConfigurationReference = E5609EA368E9EEE1E89786A8 /* Pods-QvikSwift.release.xcconfig */;
			buildSettings = {
				CLANG_ALLOW_NON_MODULAR_INCLUDES_IN_FRAMEWORK_MODULES = YES;
				CLANG_ENABLE_MODULES = YES;
				"CODE_SIGN_IDENTITY[sdk=iphoneos*]" = "";
				DEFINES_MODULE = YES;
				DYLIB_COMPATIBILITY_VERSION = 1;
				DYLIB_CURRENT_VERSION = 1;
				DYLIB_INSTALL_NAME_BASE = "@rpath";
				INFOPLIST_FILE = QvikSwift/Info.plist;
				INSTALL_PATH = "$(LOCAL_LIBRARY_DIR)/Frameworks";
				IPHONEOS_DEPLOYMENT_TARGET = 10.0;
				LD_RUNPATH_SEARCH_PATHS = "$(inherited) @executable_path/Frameworks @loader_path/Frameworks";
				LIBRARY_SEARCH_PATHS = (
					"$(inherited)",
					"$(SDKROOT)/usr/lib/system",
				);
				PRODUCT_BUNDLE_IDENTIFIER = "fi.qvik.$(PRODUCT_NAME:rfc1034identifier)";
				PRODUCT_NAME = "$(TARGET_NAME)";
				SKIP_INSTALL = YES;
				SWIFT_INCLUDE_PATHS = "";
				SWIFT_SWIFT3_OBJC_INFERENCE = Default;
				SWIFT_VERSION = 4.2;
			};
			name = Release;
		};
		490C9DA91B523FB00024945B /* Debug */ = {
			isa = XCBuildConfiguration;
			baseConfigurationReference = E2C4881BD371CED5B735A1F4 /* Pods-QvikSwiftTests.debug.xcconfig */;
			buildSettings = {
				BUNDLE_LOADER = "$(TEST_HOST)";
				DEVELOPMENT_TEAM = "";
				FRAMEWORK_SEARCH_PATHS = (
					"$(SDKROOT)/Developer/Library/Frameworks",
					"$(inherited)",
				);
				GCC_PREPROCESSOR_DEFINITIONS = (
					"DEBUG=1",
					"$(inherited)",
				);
				INFOPLIST_FILE = QvikSwiftTests/Info.plist;
				LD_RUNPATH_SEARCH_PATHS = "$(inherited) @executable_path/Frameworks @loader_path/Frameworks";
				PRODUCT_BUNDLE_IDENTIFIER = "fi.qvik.$(PRODUCT_NAME:rfc1034identifier)";
				PRODUCT_NAME = "$(TARGET_NAME)";
				SWIFT_INCLUDE_PATHS = "$(SRCROOT)/CommonCrypto/";
				SWIFT_SWIFT3_OBJC_INFERENCE = Default;
				SWIFT_VERSION = 4.2;
				TEST_HOST = "$(BUILT_PRODUCTS_DIR)/UnitTestHostApp.app/UnitTestHostApp";
			};
			name = Debug;
		};
		490C9DAA1B523FB00024945B /* Release */ = {
			isa = XCBuildConfiguration;
			baseConfigurationReference = 8FB62C1710F4FA9393F8FE46 /* Pods-QvikSwiftTests.release.xcconfig */;
			buildSettings = {
				BUNDLE_LOADER = "$(TEST_HOST)";
				DEVELOPMENT_TEAM = "";
				FRAMEWORK_SEARCH_PATHS = (
					"$(SDKROOT)/Developer/Library/Frameworks",
					"$(inherited)",
				);
				INFOPLIST_FILE = QvikSwiftTests/Info.plist;
				LD_RUNPATH_SEARCH_PATHS = "$(inherited) @executable_path/Frameworks @loader_path/Frameworks";
				PRODUCT_BUNDLE_IDENTIFIER = "fi.qvik.$(PRODUCT_NAME:rfc1034identifier)";
				PRODUCT_NAME = "$(TARGET_NAME)";
				SWIFT_INCLUDE_PATHS = "$(SRCROOT)/CommonCrypto/";
				SWIFT_SWIFT3_OBJC_INFERENCE = Default;
				SWIFT_VERSION = 4.2;
				TEST_HOST = "$(BUILT_PRODUCTS_DIR)/UnitTestHostApp.app/UnitTestHostApp";
			};
			name = Release;
		};
		49EA62131DAE1596009874BB /* Debug */ = {
			isa = XCBuildConfiguration;
			buildSettings = {
				ASSETCATALOG_COMPILER_APPICON_NAME = AppIcon;
				CLANG_ANALYZER_NONNULL = YES;
				CLANG_WARN_DOCUMENTATION_COMMENTS = YES;
				CLANG_WARN_SUSPICIOUS_MOVES = YES;
				CODE_SIGN_ENTITLEMENTS = UnitTestHostApp/UnitTestHostApp.entitlements;
				DEBUG_INFORMATION_FORMAT = dwarf;
				DEVELOPMENT_TEAM = 2RLYKMD3U8;
				INFOPLIST_FILE = UnitTestHostApp/Info.plist;
				IPHONEOS_DEPLOYMENT_TARGET = 10.0;
				LD_RUNPATH_SEARCH_PATHS = "$(inherited) @executable_path/Frameworks";
				PRODUCT_BUNDLE_IDENTIFIER = fi.qvik.UnitTestHostApp;
				PRODUCT_NAME = "$(TARGET_NAME)";
				SWIFT_ACTIVE_COMPILATION_CONDITIONS = DEBUG;
				SWIFT_SWIFT3_OBJC_INFERENCE = Default;
				SWIFT_VERSION = 4.2;
			};
			name = Debug;
		};
		49EA62141DAE1596009874BB /* Release */ = {
			isa = XCBuildConfiguration;
			buildSettings = {
				ASSETCATALOG_COMPILER_APPICON_NAME = AppIcon;
				CLANG_ANALYZER_NONNULL = YES;
				CLANG_WARN_DOCUMENTATION_COMMENTS = YES;
				CLANG_WARN_SUSPICIOUS_MOVES = YES;
				CODE_SIGN_ENTITLEMENTS = UnitTestHostApp/UnitTestHostApp.entitlements;
				DEVELOPMENT_TEAM = 2RLYKMD3U8;
				INFOPLIST_FILE = UnitTestHostApp/Info.plist;
				IPHONEOS_DEPLOYMENT_TARGET = 10.0;
				LD_RUNPATH_SEARCH_PATHS = "$(inherited) @executable_path/Frameworks";
				PRODUCT_BUNDLE_IDENTIFIER = fi.qvik.UnitTestHostApp;
				PRODUCT_NAME = "$(TARGET_NAME)";
				SWIFT_SWIFT3_OBJC_INFERENCE = Default;
				SWIFT_VERSION = 4.2;
			};
			name = Release;
		};
/* End XCBuildConfiguration section */

/* Begin XCConfigurationList section */
		490C9D891B523FB00024945B /* Build configuration list for PBXProject "QvikSwift" */ = {
			isa = XCConfigurationList;
			buildConfigurations = (
				490C9DA31B523FB00024945B /* Debug */,
				490C9DA41B523FB00024945B /* Release */,
			);
			defaultConfigurationIsVisible = 0;
			defaultConfigurationName = Release;
		};
		490C9DA51B523FB00024945B /* Build configuration list for PBXNativeTarget "QvikSwift" */ = {
			isa = XCConfigurationList;
			buildConfigurations = (
				490C9DA61B523FB00024945B /* Debug */,
				490C9DA71B523FB00024945B /* Release */,
			);
			defaultConfigurationIsVisible = 0;
			defaultConfigurationName = Release;
		};
		490C9DA81B523FB00024945B /* Build configuration list for PBXNativeTarget "QvikSwiftTests" */ = {
			isa = XCConfigurationList;
			buildConfigurations = (
				490C9DA91B523FB00024945B /* Debug */,
				490C9DAA1B523FB00024945B /* Release */,
			);
			defaultConfigurationIsVisible = 0;
			defaultConfigurationName = Release;
		};
		49EA62121DAE1596009874BB /* Build configuration list for PBXNativeTarget "UnitTestHostApp" */ = {
			isa = XCConfigurationList;
			buildConfigurations = (
				49EA62131DAE1596009874BB /* Debug */,
				49EA62141DAE1596009874BB /* Release */,
			);
			defaultConfigurationIsVisible = 0;
			defaultConfigurationName = Release;
		};
/* End XCConfigurationList section */
	};
	rootObject = 490C9D861B523FB00024945B /* Project object */;
}
